
Microsoft Visual Studio Solution File, Format Version 12.00
# Visual Studio Version 17
VisualStudioVersion = 17.6.33829.357
MinimumVisualStudioVersion = 10.0.40219.1
Project("{FAE04EC0-301F-11D3-BF4B-00C04F79EFBC}") = "MovementCompany", "MovementCompany.csproj", "{9B7C1321-3681-40AA-87C9-19904B3F4235}"
EndProject
Global
	GlobalSection(SolutionConfigurationPlatforms) = preSolution
		Debug|Any CPU = Debug|Any CPU
		Release|Any CPU = Release|Any CPU
	EndGlobalSection
	GlobalSection(ProjectConfigurationPlatforms) = postSolution
		{9B7C1321-3681-40AA-87C9-19904B3F4235}.Debug|Any CPU.ActiveCfg = Release|Any CPU
		{9B7C1321-3681-40AA-87C9-19904B3F4235}.Debug|Any CPU.Build.0 = Release|Any CPU
		{9B7C1321-3681-40AA-87C9-19904B3F4235}.Release|Any CPU.ActiveCfg = Release|Any CPU
		{9B7C1321-3681-40AA-87C9-19904B3F4235}.Release|Any CPU.Build.0 = Release|Any CPU
	EndGlobalSection
	GlobalSection(SolutionProperties) = preSolution
		HideSolutionNode = FALSE
	EndGlobalSection
	GlobalSection(ExtensibilityGlobals) = postSolution
		SolutionGuid = {276A69A8-7460-412D-B5E8-243A7F614FDE}
	EndGlobalSection
EndGlobal
